
Microsoft Visual Studio Solution File, Format Version 12.00
# Visual Studio Version 17
VisualStudioVersion = 17.4.33213.308
MinimumVisualStudioVersion = 10.0.40219.1
Project("{8BC9CEB8-8B4A-11D0-8D11-00A0C91BC942}") = "Solar", "Solar\Solar.vcxproj", "{A6C70F50-1243-4AD3-8F64-D32DED4303BE}"
EndProject
Global
	GlobalSection(SolutionConfigurationPlatforms) = preSolution
		Debug|x64 = Debug|x64
		Debug|x86 = Debug|x86
		Release|x64 = Release|x64
		Release|x86 = Release|x86
	EndGlobalSection
	GlobalSection(ProjectConfigurationPlatforms) = postSolution
		{A6C70F50-1243-4AD3-8F64-D32DED4303BE}.Debug|x64.ActiveCfg = Debug|x64
		{A6C70F50-1243-4AD3-8F64-D32DED4303BE}.Debug|x64.Build.0 = Debug|x64
		{A6C70F50-1243-4AD3-8F64-D32DED4303BE}.Debug|x86.ActiveCfg = Debug|Win32
		{A6C70F50-1243-4AD3-8F64-D32DED4303BE}.Debug|x86.Build.0 = Debug|Win32
		{A6C70F50-1243-4AD3-8F64-D32DED4303BE}.Release|x64.ActiveCfg = Release|x64
		{A6C70F50-1243-4AD3-8F64-D32DED4303BE}.Release|x64.Build.0 = Release|x64
		{A6C70F50-1243-4AD3-8F64-D32DED4303BE}.Release|x86.ActiveCfg = Release|Win32
		{A6C70F50-1243-4AD3-8F64-D32DED4303BE}.Release|x86.Build.0 = Release|Win32
	EndGlobalSection
	GlobalSection(SolutionProperties) = preSolution
		HideSolutionNode = FALSE
	EndGlobalSection
	GlobalSection(ExtensibilityGlobals) = postSolution
		SolutionGuid = {1799D8DB-9A4F-4A76-8496-FA11212F3073}
	EndGlobalSection
EndGlobal
